
Microsoft Visual Studio Solution File, Format Version 12.00
# Visual Studio 15
VisualStudioVersion = 15.0.28307.136
MinimumVisualStudioVersion = 10.0.40219.1
Project("{9A19103F-16F7-4668-BE54-9A1E7A4F7556}") = "Furikiri", "Furikiri\Furikiri.csproj", "{94DA3084-7672-4BE8-AA05-7873577E0C37}"
EndProject
Project("{FAE04EC0-301F-11D3-BF4B-00C04F79EFBC}") = "Tjs2Disassembler", "KrkrSharp\Tjs2Disassembler\Tjs2Disassembler.csproj", "{008C53BE-3787-4671-AC14-4C18194BD916}"
EndProject
Project("{9A19103F-16F7-4668-BE54-9A1E7A4F7556}") = "Tjs2Net", "KrkrSharp\Tjs2Net\Tjs2Net.csproj", "{DBF7929F-382B-435D-81D4-1145279B5D1F}"
EndProject
Project("{9A19103F-16F7-4668-BE54-9A1E7A4F7556}") = "IronTJS", "IronTJS\IronTJS\IronTJS.csproj", "{C3DE4146-6BEF-4817-ABC5-69CC09E0253E}"
EndProject
Project("{FAE04EC0-301F-11D3-BF4B-00C04F79EFBC}") = "Furikiri.Tests", "Furikiri.Tests\Furikiri.Tests.csproj", "{F99F9BBF-A418-46BC-8D66-35BEEF929481}"
EndProject
Global
	GlobalSection(SolutionConfigurationPlatforms) = preSolution
		Debug|Any CPU = Debug|Any CPU
		Release|Any CPU = Release|Any CPU
	EndGlobalSection
	GlobalSection(ProjectConfigurationPlatforms) = postSolution
		{94DA3084-7672-4BE8-AA05-7873577E0C37}.Debug|Any CPU.ActiveCfg = Debug|Any CPU
		{94DA3084-7672-4BE8-AA05-7873577E0C37}.Debug|Any CPU.Build.0 = Debug|Any CPU
		{94DA3084-7672-4BE8-AA05-7873577E0C37}.Release|Any CPU.ActiveCfg = Release|Any CPU
		{94DA3084-7672-4BE8-AA05-7873577E0C37}.Release|Any CPU.Build.0 = Release|Any CPU
		{008C53BE-3787-4671-AC14-4C18194BD916}.Debug|Any CPU.ActiveCfg = Debug|Any CPU
		{008C53BE-3787-4671-AC14-4C18194BD916}.Debug|Any CPU.Build.0 = Debug|Any CPU
		{008C53BE-3787-4671-AC14-4C18194BD916}.Release|Any CPU.ActiveCfg = Release|Any CPU
		{008C53BE-3787-4671-AC14-4C18194BD916}.Release|Any CPU.Build.0 = Release|Any CPU
		{DBF7929F-382B-435D-81D4-1145279B5D1F}.Debug|Any CPU.ActiveCfg = Debug|Any CPU
		{DBF7929F-382B-435D-81D4-1145279B5D1F}.Debug|Any CPU.Build.0 = Debug|Any CPU
		{DBF7929F-382B-435D-81D4-1145279B5D1F}.Release|Any CPU.ActiveCfg = Release|Any CPU
		{DBF7929F-382B-435D-81D4-1145279B5D1F}.Release|Any CPU.Build.0 = Release|Any CPU
		{C3DE4146-6BEF-4817-ABC5-69CC09E0253E}.Debug|Any CPU.ActiveCfg = Debug|Any CPU
		{C3DE4146-6BEF-4817-ABC5-69CC09E0253E}.Debug|Any CPU.Build.0 = Debug|Any CPU
		{C3DE4146-6BEF-4817-ABC5-69CC09E0253E}.Release|Any CPU.ActiveCfg = Release|Any CPU
		{C3DE4146-6BEF-4817-ABC5-69CC09E0253E}.Release|Any CPU.Build.0 = Release|Any CPU
		{F99F9BBF-A418-46BC-8D66-35BEEF929481}.Debug|Any CPU.ActiveCfg = Debug|Any CPU
		{F99F9BBF-A418-46BC-8D66-35BEEF929481}.Debug|Any CPU.Build.0 = Debug|Any CPU
		{F99F9BBF-A418-46BC-8D66-35BEEF929481}.Release|Any CPU.ActiveCfg = Release|Any CPU
		{F99F9BBF-A418-46BC-8D66-35BEEF929481}.Release|Any CPU.Build.0 = Release|Any CPU
	EndGlobalSection
	GlobalSection(SolutionProperties) = preSolution
		HideSolutionNode = FALSE
	EndGlobalSection
	GlobalSection(ExtensibilityGlobals) = postSolution
		SolutionGuid = {086BAC06-5774-44FD-81AA-8017E6317414}
	EndGlobalSection
EndGlobal
